{
  "version": 4,
  "terraform_version": "1.0.11",
  "serial": 2977,
  "lineage": "6b5332da-4b1d-bafa-cdba-4f8d8065cd84",
  "outputs": {
    "private_key": {
      "value": "-----BEGIN RSA PRIVATE KEY-----\nMIIJKgIBAAKCAgEAtM9nQeSIRqVmiP/9qI9y/quAGUp3Jk9I1xblFHKt6aORLtfW\n7umFdR12s2v7PlXRGPFgel6XBefvNf/a5QtJDZnO2hvorMcAWxTpg8JNkQuVz1KZ\nNKa4dWu6gIOi1mXQ9tbujWu5gnyOdueQMVi7YAy8W5KqpPW9ETBNZZejtrl+MOyO\nLz78JLVyI3hj9ig1Bhhk9OPL+2bCZSzgmIMv/e3SVS9FrILIViwsbweWMKVXMvYM\nE9U1DzRUjiEBpaVJBz+COSUtyWh/jtg5nnxgj4gmD7aJPmgbH3kRXmMTbizhMyDt\nUVClw2F5yQgB5Eh2w2s8IrzFXrgbdbE8JFJIV33Mi6cUFv6eqCHBOPK0g/EG+Rk5\nim/sJmf+KhY8xmtx7XFfOe9T1+UKTuZG+/Xpj71HdYGbkTyQG09U/tw4dlF0t3ft\n24BDNq3I70u/HHjU4tZF0+anmDNvTzJiR0WiuvUOVEU+LGQHymQ3ZF+FzG8bdikm\n8c8DRkmRD9IUB+uA04AnFBBZhhDlegL7h7jelzqybCKrKWgjuqCSek+qHBNc5aHn\najPt9E6SEIA51qxuX5gx/Gty6aW3xprjgobRkRTJNfh9nACxhRQhH/zsbSmWBVL6\nephEGmqHCNgHMjbsrgDGSA6iUSVMK6KUm6LZwiIY8vSA8V24dPwy9Mg8nlMCAwEA\nAQKCAgAaXp06mO/fDcRUerEt4i3tQmneRmP2LF39MJOcVdVTW82SvVvVYC1clT14\nkWkFAFMMhjeB4UW5UMgsYfI0sV6oIyRt3uAiQquknPopgy741m203OEHMsF4Lov2\nrjwTdKnzNgl4ipt1kmDcqoz3BW/eZD0cRdmpUUWPujGvfVwdDBSBYh6ieVcgq23I\nCojZn6eMCga/SHG5apUzWEYxOADJ0eN5FPneXPyGxM5+KucWlSaQgh3kzpV8cC9c\nwyeQVvi9m9+MIgX5d8oStSpCGPWkOUEDzaVaeqhqAKgt0dlFmjoF0OmLkG18fzzZ\nutc7ye24Nm2Ay3Mli0hF8+FHktCF40pdX5szcf0aqHadOF2BjNhu6nrFZ2dQR2PK\nzqgwdz+pzWe6g4BAMJxZAmwzm765w5q/s3JhHSWgj0EooDk6G5jaKIcnlXvuLmRK\n1yMfwlKjT6bLFHqGD/mTWwmvH2ZDVyA5BPpFBzrj2Pa5Jbx/RTkrn2+L79WLCh6F\nkTroSlTUdfgxYRPkKHL/61ArX8CJa0SdbxJxGK/5ViMGCCqIAKUSxXjXnrfolR8s\ngPlBhnPrtHHWOckEyEdtbAe6LgG9Po/38S6AIze8mCWZdDBW3WgNr4MPiejnOq6a\nkxX3Dr0m2a2ubYN/JURjZ/gacGd9jLjuvy7ykjYPguTU6AyrIQKCAQEA2eIx7e0n\n/lP9pg+EbXwfH8j2XzS/S8nftYO71rsWwzqWqz0ASxquvnICkzxBso/P8RResMOe\np8i9Q3qAlOb2s8NbKjgkch0R6XOSlnIUn1pI7k088eCbvmvMTPU9xdmLQ+YP9KAR\nk1tZPbSgbTPuosyJT7Gy+K0+YORdvJGnNRj1GawgjF4XZMa3Dl6KJirPrRIigzvn\nBVBzwzHUwQW5gRnHkCjZv8IbsFMN7ujaT+gyaOIG0yxeWkeqrURLrW4RIANLWwgM\ncSmQGuTxhhNMMMtmdMfjyZhIYCbL2ikoKulufrZlz+eLllkTQjtre3a4YF6mXI1t\n7oxQxMrlqPFOqwKCAQEA1HDlDbhXetb++JR3NnTSCE9tMduoGms+bc10jplwrTHL\nGCiMXuLfGN3/+EQLT/vN+/fcotOlq6+XVxHwZPH6emtoX3WJuEsB1QisfFwBb6wN\n0aFqWpEHbNPan6cnXGTjRG00X4dI5ZEzZAt3may+ajbMDL6Yr9W2frq9ICgTU91g\nA0FiJwIYXZzL5JgY8sBj3nV33C8G8wA4LypuguVN+Eeh/e9IGHncBNW0utZ2jp/w\nNwnSQBHfM1OsM1YWtzbzmchd+BV6hB/hQ4c9k3V29G2LU8/xXUGsIC61Qmtmihr9\nVGh7XPGbfL/CZAEO7aSNeVhI1zkNBMUjYyl/Uq1O+QKCAQEAkiita7jKOk6neY0x\nPaykyFKsCuO8a5/JRN9Q01P/igk0ZzxthPQqQrECTzh9rcXRLRyIBLXFKTJ829ZC\niSCCX8Zt0l2E/VPI3zzbGbb/ZIJRKCKB/pO4hj2T+BAPVzh+tpaPH399Ksd9juor\nL/ZFX8orVl2S/ERi8uZehw+CBhlu2cDguKipsr2msKn0rHPNioD+y+AUMjls3oT/\n/lfTv+nGOEte/sa8gkTEtP5Y7H+LyVXOVDyQMqmescp9paKPNFVhaHh2uDa0Z4Yr\nCtDJLHZVjYNFp8dSzcVYvEkdm+OpbrD2jUf7GGk6hRSNHm5ecq8rlCx/kSVpTQn6\nk6EELwKCAQEAjngTtKrOyAvNPInclQGtJXOWyFwGFYmceWjS5RsUDKKbEF2JHc1K\nTtP66NVBPOei0Xr9VZlYvpXoibT3IcuB7n1/pp0duiFbXjIN8uyE7g5VyiNVPt2K\nPDqroGwqInVqUKZn/DSu9330GAD0uXO202ZiW52qqilJ1R2I3jriE1kgHa7Ik159\nVrJjrq8t9AaAM11V/6zuHSMlisQLDu+W5Y2snq7NC9UVb4yeQrq3EZlDMLX+cYdK\nx5Iyps7yNva8UYKlOk21N0xl9rKI4g5hszSPvqpytNbpB0ArwRpjzvSgte3H5aIG\nY5f6VrS6/TZgxmMlnmidSXin7cWTpK+jiQKCAQEAusx96D/RVFcxD2Dr1ZAC/FYs\nuafkLKxWSK/nzcMWbBEp9TStKous2Ny2pkAVrNUgCV4fef/G1lK4/XhlKTxsY2hj\nCpYuJ1m1UEgrxljrNOHKcm+TSwUVqnD3kb34Jm93vZ/Zt0fgL2hYxk2siH+GnbmL\nRfmv4NifD/IdGlFUuWflHZ7dAnv5PbcSYZA+RB1Gu2rUH+/EDw1Iznn6Uorb8LGT\nX7FqRhjfaZSQFipKs0L2FND22++2jYvOQ+4lk/sJrlisZlvBjT3qBT7W0IFSTbye\nG9mZay1y2ikElZRmBSEA36qjDFeqjPsJn5RyKa+m5xpM6KKWtilM+4sWIZTwSw==\n-----END RSA PRIVATE KEY-----\n",
      "type": "string",
      "sensitive": true
    }
  },
  "resources": [
    {
      "mode": "managed",
      "type": "aws_eip",
      "name": "elasticip_ansible",
      "provider": "provider[\"registry.terraform.io/hashicorp/aws\"]",
      "instances": [
        {
          "schema_version": 0,
          "attributes": {
            "address": null,
            "allocation_id": "eipalloc-064d333c78b13fd3e",
            "associate_with_private_ip": null,
            "association_id": "eipassoc-0950cc48f23482ab0",
            "carrier_ip": "",
            "customer_owned_ip": "",
            "customer_owned_ipv4_pool": "",
            "domain": "vpc",
            "id": "eipalloc-064d333c78b13fd3e",
            "instance": "i-0be3bf5a0ce576605",
            "network_border_group": "us-east-2",
            "network_interface": "eni-0dc8f783dfbbb44a3",
            "private_dns": "ip-172-31-16-146.us-east-2.compute.internal",
            "private_ip": "172.31.16.146",
            "public_dns": "ec2-3-134-178-170.us-east-2.compute.amazonaws.com",
            "public_ip": "3.134.178.170",
            "public_ipv4_pool": "amazon",
            "tags": null,
            "tags_all": {},
            "timeouts": null,
            "vpc": true
          },
          "sensitive_attributes": [],
          "private": "eyJlMmJmYjczMC1lY2FhLTExZTYtOGY4OC0zNDM2M2JjN2M0YzAiOnsiZGVsZXRlIjoxODAwMDAwMDAwMDAsInJlYWQiOjkwMDAwMDAwMDAwMCwidXBkYXRlIjozMDAwMDAwMDAwMDB9fQ==",
          "dependencies": [
            "aws_instance.ansible",
            "aws_security_group.ansible"
          ]
        }
      ]
    },
    {
      "mode": "managed",
      "type": "aws_eip",
      "name": "elasticip_master",
      "provider": "provider[\"registry.terraform.io/hashicorp/aws\"]",
      "instances": [
        {
          "schema_version": 0,
          "attributes": {
            "address": null,
            "allocation_id": "eipalloc-065075c050cd6c714",
            "associate_with_private_ip": null,
            "association_id": "eipassoc-0c953722f71a7c394",
            "carrier_ip": "",
            "customer_owned_ip": "",
            "customer_owned_ipv4_pool": "",
            "domain": "vpc",
            "id": "eipalloc-065075c050cd6c714",
            "instance": "i-02730e8ada12c48aa",
            "network_border_group": "us-east-2",
            "network_interface": "eni-01f795d56482e7659",
            "private_dns": "ip-172-31-27-207.us-east-2.compute.internal",
            "private_ip": "172.31.27.207",
            "public_dns": "ec2-18-218-231-124.us-east-2.compute.amazonaws.com",
            "public_ip": "18.218.231.124",
            "public_ipv4_pool": "amazon",
            "tags": null,
            "tags_all": {},
            "timeouts": null,
            "vpc": true
          },
          "sensitive_attributes": [],
          "private": "eyJlMmJmYjczMC1lY2FhLTExZTYtOGY4OC0zNDM2M2JjN2M0YzAiOnsiZGVsZXRlIjoxODAwMDAwMDAwMDAsInJlYWQiOjkwMDAwMDAwMDAwMCwidXBkYXRlIjozMDAwMDAwMDAwMDB9fQ==",
          "dependencies": [
            "aws_instance.master",
            "aws_security_group.master"
          ]
        }
      ]
    },
    {
      "mode": "managed",
      "type": "aws_eip",
      "name": "elasticip_node1",
      "provider": "provider[\"registry.terraform.io/hashicorp/aws\"]",
      "instances": [
        {
          "schema_version": 0,
          "attributes": {
            "address": null,
            "allocation_id": "eipalloc-00120cf8e270c5505",
            "associate_with_private_ip": null,
            "association_id": "eipassoc-0fabef1ff945f827d",
            "carrier_ip": "",
            "customer_owned_ip": "",
            "customer_owned_ipv4_pool": "",
            "domain": "vpc",
            "id": "eipalloc-00120cf8e270c5505",
            "instance": "i-0bffa9f3662bda017",
            "network_border_group": "us-east-2",
            "network_interface": "eni-064ebd551ac9236f9",
            "private_dns": "ip-172-31-27-58.us-east-2.compute.internal",
            "private_ip": "172.31.27.58",
            "public_dns": "ec2-3-15-101-165.us-east-2.compute.amazonaws.com",
            "public_ip": "3.15.101.165",
            "public_ipv4_pool": "amazon",
            "tags": null,
            "tags_all": {},
            "timeouts": null,
            "vpc": true
          },
          "sensitive_attributes": [],
          "private": "eyJlMmJmYjczMC1lY2FhLTExZTYtOGY4OC0zNDM2M2JjN2M0YzAiOnsiZGVsZXRlIjoxODAwMDAwMDAwMDAsInJlYWQiOjkwMDAwMDAwMDAwMCwidXBkYXRlIjozMDAwMDAwMDAwMDB9fQ==",
          "dependencies": [
            "aws_instance.node1",
            "aws_security_group.node1"
          ]
        }
      ]
    },
    {
      "mode": "managed",
      "type": "aws_eip",
      "name": "elasticip_node2",
      "provider": "provider[\"registry.terraform.io/hashicorp/aws\"]",
      "instances": [
        {
          "schema_version": 0,
          "attributes": {
            "address": null,
            "allocation_id": "eipalloc-049de16b0f5425e27",
            "associate_with_private_ip": null,
            "association_id": "eipassoc-0645428e13c31db9e",
            "carrier_ip": "",
            "customer_owned_ip": "",
            "customer_owned_ipv4_pool": "",
            "domain": "vpc",
            "id": "eipalloc-049de16b0f5425e27",
            "instance": "i-0e1f5c07abf228260",
            "network_border_group": "us-east-2",
            "network_interface": "eni-0c002833ef1948893",
            "private_dns": "ip-172-31-19-228.us-east-2.compute.internal",
            "private_ip": "172.31.19.228",
            "public_dns": "ec2-3-16-63-142.us-east-2.compute.amazonaws.com",
            "public_ip": "3.16.63.142",
            "public_ipv4_pool": "amazon",
            "tags": null,
            "tags_all": {},
            "timeouts": null,
            "vpc": true
          },
          "sensitive_attributes": [],
          "private": "eyJlMmJmYjczMC1lY2FhLTExZTYtOGY4OC0zNDM2M2JjN2M0YzAiOnsiZGVsZXRlIjoxODAwMDAwMDAwMDAsInJlYWQiOjkwMDAwMDAwMDAwMCwidXBkYXRlIjozMDAwMDAwMDAwMDB9fQ==",
          "dependencies": [
            "aws_instance.node2",
            "aws_security_group.node2"
          ]
        }
      ]
    },
    {
      "mode": "managed",
      "type": "aws_instance",
      "name": "ansible",
      "provider": "provider[\"registry.terraform.io/hashicorp/aws\"]",
      "instances": [
        {
          "schema_version": 1,
          "attributes": {
            "ami": "ami-020db2c14939a8efb",
            "arn": "arn:aws:ec2:us-east-2:544867538065:instance/i-0be3bf5a0ce576605",
            "associate_public_ip_address": true,
            "availability_zone": "us-east-2b",
            "capacity_reservation_specification": [
              {
                "capacity_reservation_preference": "open",
                "capacity_reservation_target": []
              }
            ],
            "cpu_core_count": 2,
            "cpu_threads_per_core": 1,
            "credit_specification": [
              {
                "cpu_credits": "standard"
              }
            ],
            "disable_api_termination": false,
            "ebs_block_device": [],
            "ebs_optimized": false,
            "enclave_options": [
              {
                "enabled": false
              }
            ],
            "ephemeral_block_device": [],
            "get_password_data": false,
            "hibernation": false,
            "host_id": null,
            "iam_instance_profile": "",
            "id": "i-0be3bf5a0ce576605",
            "instance_initiated_shutdown_behavior": "stop",
            "instance_state": "running",
            "instance_type": "t2.medium",
            "ipv6_address_count": 0,
            "ipv6_addresses": [],
            "key_name": "ssh-key",
            "launch_template": [],
            "metadata_options": [
              {
                "http_endpoint": "enabled",
                "http_put_response_hop_limit": 1,
                "http_tokens": "optional"
              }
            ],
            "monitoring": false,
            "network_interface": [],
            "outpost_arn": "",
            "password_data": "",
            "placement_group": "",
            "placement_partition_number": null,
            "primary_network_interface_id": "eni-0dc8f783dfbbb44a3",
            "private_dns": "ip-172-31-16-146.us-east-2.compute.internal",
            "private_ip": "172.31.16.146",
            "public_dns": "ec2-13-58-118-207.us-east-2.compute.amazonaws.com",
            "public_ip": "13.58.118.207",
            "root_block_device": [
              {
                "delete_on_termination": true,
                "device_name": "/dev/sda1",
                "encrypted": false,
                "iops": 100,
                "kms_key_id": "",
                "tags": {},
                "throughput": 0,
                "volume_id": "vol-0db2b499699cdbdc0",
                "volume_size": 8,
                "volume_type": "gp2"
              }
            ],
            "secondary_private_ips": [],
            "security_groups": [
              "ansible"
            ],
            "source_dest_check": true,
            "subnet_id": "subnet-00baae0a386c99938",
            "tags": {
              "Name": "Ansible"
            },
            "tags_all": {
              "Name": "Ansible"
            },
            "tenancy": "default",
            "timeouts": null,
            "user_data": null,
            "user_data_base64": null,
            "volume_tags": null,
            "vpc_security_group_ids": [
              "sg-04f0ab186d2650f8c"
            ]
          },
          "sensitive_attributes": [],
          "private": "eyJlMmJmYjczMC1lY2FhLTExZTYtOGY4OC0zNDM2M2JjN2M0YzAiOnsiY3JlYXRlIjo2MDAwMDAwMDAwMDAsImRlbGV0ZSI6MTIwMDAwMDAwMDAwMCwidXBkYXRlIjo2MDAwMDAwMDAwMDB9LCJzY2hlbWFfdmVyc2lvbiI6IjEifQ==",
          "dependencies": [
            "aws_security_group.ansible"
          ]
        }
      ]
    },
    {
      "mode": "managed",
      "type": "aws_instance",
      "name": "master",
      "provider": "provider[\"registry.terraform.io/hashicorp/aws\"]",
      "instances": [
        {
          "schema_version": 1,
          "attributes": {
            "ami": "ami-020db2c14939a8efb",
            "arn": "arn:aws:ec2:us-east-2:544867538065:instance/i-02730e8ada12c48aa",
            "associate_public_ip_address": true,
            "availability_zone": "us-east-2b",
            "capacity_reservation_specification": [
              {
                "capacity_reservation_preference": "open",
                "capacity_reservation_target": []
              }
            ],
            "cpu_core_count": 2,
            "cpu_threads_per_core": 1,
            "credit_specification": [
              {
                "cpu_credits": "standard"
              }
            ],
            "disable_api_termination": false,
            "ebs_block_device": [],
            "ebs_optimized": false,
            "enclave_options": [
              {
                "enabled": false
              }
            ],
            "ephemeral_block_device": [],
            "get_password_data": false,
            "hibernation": false,
            "host_id": null,
            "iam_instance_profile": "",
            "id": "i-02730e8ada12c48aa",
            "instance_initiated_shutdown_behavior": "stop",
            "instance_state": "running",
            "instance_type": "t2.medium",
            "ipv6_address_count": 0,
            "ipv6_addresses": [],
            "key_name": "ssh-key",
            "launch_template": [],
            "metadata_options": [
              {
                "http_endpoint": "enabled",
                "http_put_response_hop_limit": 1,
                "http_tokens": "optional"
              }
            ],
            "monitoring": false,
            "network_interface": [],
            "outpost_arn": "",
            "password_data": "",
            "placement_group": "",
            "placement_partition_number": null,
            "primary_network_interface_id": "eni-01f795d56482e7659",
            "private_dns": "ip-172-31-27-207.us-east-2.compute.internal",
            "private_ip": "172.31.27.207",
            "public_dns": "ec2-3-145-132-169.us-east-2.compute.amazonaws.com",
            "public_ip": "3.145.132.169",
            "root_block_device": [
              {
                "delete_on_termination": true,
                "device_name": "/dev/sda1",
                "encrypted": false,
                "iops": 100,
                "kms_key_id": "",
                "tags": {},
                "throughput": 0,
                "volume_id": "vol-0b231adaec13a44d1",
                "volume_size": 8,
                "volume_type": "gp2"
              }
            ],
            "secondary_private_ips": [],
            "security_groups": [
              "master"
            ],
            "source_dest_check": true,
            "subnet_id": "subnet-00baae0a386c99938",
            "tags": {
              "Name": "Master"
            },
            "tags_all": {
              "Name": "Master"
            },
            "tenancy": "default",
            "timeouts": null,
            "user_data": null,
            "user_data_base64": null,
            "volume_tags": null,
            "vpc_security_group_ids": [
              "sg-02d12651159935546"
            ]
          },
          "sensitive_attributes": [],
          "private": "eyJlMmJmYjczMC1lY2FhLTExZTYtOGY4OC0zNDM2M2JjN2M0YzAiOnsiY3JlYXRlIjo2MDAwMDAwMDAwMDAsImRlbGV0ZSI6MTIwMDAwMDAwMDAwMCwidXBkYXRlIjo2MDAwMDAwMDAwMDB9LCJzY2hlbWFfdmVyc2lvbiI6IjEifQ==",
          "dependencies": [
            "aws_security_group.master"
          ]
        }
      ]
    },
    {
      "mode": "managed",
      "type": "aws_instance",
      "name": "node1",
      "provider": "provider[\"registry.terraform.io/hashicorp/aws\"]",
      "instances": [
        {
          "schema_version": 1,
          "attributes": {
            "ami": "ami-020db2c14939a8efb",
            "arn": "arn:aws:ec2:us-east-2:544867538065:instance/i-0bffa9f3662bda017",
            "associate_public_ip_address": true,
            "availability_zone": "us-east-2b",
            "capacity_reservation_specification": [
              {
                "capacity_reservation_preference": "open",
                "capacity_reservation_target": []
              }
            ],
            "cpu_core_count": 2,
            "cpu_threads_per_core": 1,
            "credit_specification": [
              {
                "cpu_credits": "standard"
              }
            ],
            "disable_api_termination": false,
            "ebs_block_device": [],
            "ebs_optimized": false,
            "enclave_options": [
              {
                "enabled": false
              }
            ],
            "ephemeral_block_device": [],
            "get_password_data": false,
            "hibernation": false,
            "host_id": null,
            "iam_instance_profile": "",
            "id": "i-0bffa9f3662bda017",
            "instance_initiated_shutdown_behavior": "stop",
            "instance_state": "running",
            "instance_type": "t2.medium",
            "ipv6_address_count": 0,
            "ipv6_addresses": [],
            "key_name": "ssh-key",
            "launch_template": [],
            "metadata_options": [
              {
                "http_endpoint": "enabled",
                "http_put_response_hop_limit": 1,
                "http_tokens": "optional"
              }
            ],
            "monitoring": false,
            "network_interface": [],
            "outpost_arn": "",
            "password_data": "",
            "placement_group": "",
            "placement_partition_number": null,
            "primary_network_interface_id": "eni-064ebd551ac9236f9",
            "private_dns": "ip-172-31-27-58.us-east-2.compute.internal",
            "private_ip": "172.31.27.58",
            "public_dns": "ec2-18-190-28-28.us-east-2.compute.amazonaws.com",
            "public_ip": "18.190.28.28",
            "root_block_device": [
              {
                "delete_on_termination": true,
                "device_name": "/dev/sda1",
                "encrypted": false,
                "iops": 100,
                "kms_key_id": "",
                "tags": {},
                "throughput": 0,
                "volume_id": "vol-0e234827d80eb2e90",
                "volume_size": 8,
                "volume_type": "gp2"
              }
            ],
            "secondary_private_ips": [],
            "security_groups": [
              "node1"
            ],
            "source_dest_check": true,
            "subnet_id": "subnet-00baae0a386c99938",
            "tags": {
              "Name": "Node1"
            },
            "tags_all": {
              "Name": "Node1"
            },
            "tenancy": "default",
            "timeouts": null,
            "user_data": null,
            "user_data_base64": null,
            "volume_tags": null,
            "vpc_security_group_ids": [
              "sg-036b6e0c6e8afb3a3"
            ]
          },
          "sensitive_attributes": [],
          "private": "eyJlMmJmYjczMC1lY2FhLTExZTYtOGY4OC0zNDM2M2JjN2M0YzAiOnsiY3JlYXRlIjo2MDAwMDAwMDAwMDAsImRlbGV0ZSI6MTIwMDAwMDAwMDAwMCwidXBkYXRlIjo2MDAwMDAwMDAwMDB9LCJzY2hlbWFfdmVyc2lvbiI6IjEifQ==",
          "dependencies": [
            "aws_security_group.node1"
          ]
        }
      ]
    },
    {
      "mode": "managed",
      "type": "aws_instance",
      "name": "node2",
      "provider": "provider[\"registry.terraform.io/hashicorp/aws\"]",
      "instances": [
        {
          "schema_version": 1,
          "attributes": {
            "ami": "ami-020db2c14939a8efb",
            "arn": "arn:aws:ec2:us-east-2:544867538065:instance/i-0e1f5c07abf228260",
            "associate_public_ip_address": true,
            "availability_zone": "us-east-2b",
            "capacity_reservation_specification": [
              {
                "capacity_reservation_preference": "open",
                "capacity_reservation_target": []
              }
            ],
            "cpu_core_count": 2,
            "cpu_threads_per_core": 1,
            "credit_specification": [
              {
                "cpu_credits": "standard"
              }
            ],
            "disable_api_termination": false,
            "ebs_block_device": [],
            "ebs_optimized": false,
            "enclave_options": [
              {
                "enabled": false
              }
            ],
            "ephemeral_block_device": [],
            "get_password_data": false,
            "hibernation": false,
            "host_id": null,
            "iam_instance_profile": "",
            "id": "i-0e1f5c07abf228260",
            "instance_initiated_shutdown_behavior": "stop",
            "instance_state": "running",
            "instance_type": "t2.medium",
            "ipv6_address_count": 0,
            "ipv6_addresses": [],
            "key_name": "ssh-key",
            "launch_template": [],
            "metadata_options": [
              {
                "http_endpoint": "enabled",
                "http_put_response_hop_limit": 1,
                "http_tokens": "optional"
              }
            ],
            "monitoring": false,
            "network_interface": [],
            "outpost_arn": "",
            "password_data": "",
            "placement_group": "",
            "placement_partition_number": null,
            "primary_network_interface_id": "eni-0c002833ef1948893",
            "private_dns": "ip-172-31-19-228.us-east-2.compute.internal",
            "private_ip": "172.31.19.228",
            "public_dns": "ec2-3-143-210-28.us-east-2.compute.amazonaws.com",
            "public_ip": "3.143.210.28",
            "root_block_device": [
              {
                "delete_on_termination": true,
                "device_name": "/dev/sda1",
                "encrypted": false,
                "iops": 100,
                "kms_key_id": "",
                "tags": {},
                "throughput": 0,
                "volume_id": "vol-0a8932046bfbca63a",
                "volume_size": 8,
                "volume_type": "gp2"
              }
            ],
            "secondary_private_ips": [],
            "security_groups": [
              "node2"
            ],
            "source_dest_check": true,
            "subnet_id": "subnet-00baae0a386c99938",
            "tags": {
              "Name": "Node2"
            },
            "tags_all": {
              "Name": "Node2"
            },
            "tenancy": "default",
            "timeouts": null,
            "user_data": null,
            "user_data_base64": null,
            "volume_tags": null,
            "vpc_security_group_ids": [
              "sg-08bfaadf33f7b8e2a"
            ]
          },
          "sensitive_attributes": [],
          "private": "eyJlMmJmYjczMC1lY2FhLTExZTYtOGY4OC0zNDM2M2JjN2M0YzAiOnsiY3JlYXRlIjo2MDAwMDAwMDAwMDAsImRlbGV0ZSI6MTIwMDAwMDAwMDAwMCwidXBkYXRlIjo2MDAwMDAwMDAwMDB9LCJzY2hlbWFfdmVyc2lvbiI6IjEifQ==",
          "dependencies": [
            "aws_security_group.node2"
          ]
        }
      ]
    },
    {
      "mode": "managed",
      "type": "aws_key_pair",
      "name": "kp",
      "provider": "provider[\"registry.terraform.io/hashicorp/aws\"]",
      "instances": [
        {
          "schema_version": 1,
          "attributes": {
            "arn": "arn:aws:ec2:us-east-2:544867538065:key-pair/ssh-key",
            "fingerprint": "53:a6:32:88:a4:41:96:e3:82:ab:31:f8:75:ee:7f:9f",
            "id": "ssh-key",
            "key_name": "ssh-key",
            "key_name_prefix": "",
            "key_pair_id": "key-0e4394f61753eac4b",
            "public_key": "ssh-rsa AAAAB3NzaC1yc2EAAAADAQABAAACAQC0z2dB5IhGpWaI//2oj3L+q4AZSncmT0jXFuUUcq3po5Eu19bu6YV1HXaza/s+VdEY8WB6XpcF5+81/9rlC0kNmc7aG+isxwBbFOmDwk2RC5XPUpk0prh1a7qAg6LWZdD21u6Na7mCfI5255AxWLtgDLxbkqqk9b0RME1ll6O2uX4w7I4vPvwktXIjeGP2KDUGGGT048v7ZsJlLOCYgy/97dJVL0WsgshWLCxvB5YwpVcy9gwT1TUPNFSOIQGlpUkHP4I5JS3JaH+O2DmefGCPiCYPtok+aBsfeRFeYxNuLOEzIO1RUKXDYXnJCAHkSHbDazwivMVeuBt1sTwkUkhXfcyLpxQW/p6oIcE48rSD8Qb5GTmKb+wmZ/4qFjzGa3HtcV8571PX5QpO5kb79emPvUd1gZuRPJAbT1T+3Dh2UXS3d+3bgEM2rcjvS78ceNTi1kXT5qeYM29PMmJHRaK69Q5URT4sZAfKZDdkX4XMbxt2KSbxzwNGSZEP0hQH64DTgCcUEFmGEOV6AvuHuN6XOrJsIqspaCO6oJJ6T6ocE1zloedqM+30TpIQgDnWrG5fmDH8a3LppbfGmuOChtGRFMk1+H2cALGFFCEf/OxtKZYFUvp6mEQaaocI2AcyNuyuAMZIDqJRJUwropSbotnCIhjy9IDxXbh0/DL0yDyeUw==",
            "tags": null,
            "tags_all": {}
          },
          "sensitive_attributes": [],
          "private": "eyJzY2hlbWFfdmVyc2lvbiI6IjEifQ==",
          "dependencies": [
            "tls_private_key.pk"
          ]
        }
      ]
    },
    {
      "mode": "managed",
      "type": "aws_security_group",
      "name": "ansible",
      "provider": "provider[\"registry.terraform.io/hashicorp/aws\"]",
      "instances": [
        {
          "schema_version": 1,
          "attributes": {
            "arn": "arn:aws:ec2:us-east-2:544867538065:security-group/sg-04f0ab186d2650f8c",
            "description": "Managed by Terraform",
            "egress": [
              {
                "cidr_blocks": [
                  "0.0.0.0/0"
                ],
                "description": "",
                "from_port": 0,
                "ipv6_cidr_blocks": [],
                "prefix_list_ids": [],
                "protocol": "-1",
                "security_groups": [],
                "self": false,
                "to_port": 0
              }
            ],
            "id": "sg-04f0ab186d2650f8c",
            "ingress": [
              {
                "cidr_blocks": [
                  "0.0.0.0/0"
                ],
                "description": "",
                "from_port": 22,
                "ipv6_cidr_blocks": [],
                "prefix_list_ids": [],
                "protocol": "tcp",
                "security_groups": [],
                "self": false,
                "to_port": 22
              }
            ],
            "name": "ansible",
            "name_prefix": "",
            "owner_id": "544867538065",
            "revoke_rules_on_delete": false,
            "tags": null,
            "tags_all": {},
            "timeouts": null,
            "vpc_id": "vpc-02aff912f0d86527a"
          },
          "sensitive_attributes": [],
          "private": "eyJlMmJmYjczMC1lY2FhLTExZTYtOGY4OC0zNDM2M2JjN2M0YzAiOnsiY3JlYXRlIjo2MDAwMDAwMDAwMDAsImRlbGV0ZSI6OTAwMDAwMDAwMDAwfSwic2NoZW1hX3ZlcnNpb24iOiIxIn0="
        }
      ]
    },
    {
      "mode": "managed",
      "type": "aws_security_group",
      "name": "master",
      "provider": "provider[\"registry.terraform.io/hashicorp/aws\"]",
      "instances": [
        {
          "schema_version": 1,
          "attributes": {
            "arn": "arn:aws:ec2:us-east-2:544867538065:security-group/sg-02d12651159935546",
            "description": "Managed by Terraform",
            "egress": [
              {
                "cidr_blocks": [
                  "0.0.0.0/0"
                ],
                "description": "",
                "from_port": 0,
                "ipv6_cidr_blocks": [],
                "prefix_list_ids": [],
                "protocol": "-1",
                "security_groups": [],
                "self": false,
                "to_port": 0
              }
            ],
            "id": "sg-02d12651159935546",
            "ingress": [
              {
                "cidr_blocks": [
                  "0.0.0.0/0"
                ],
                "description": "",
                "from_port": 10248,
                "ipv6_cidr_blocks": [],
                "prefix_list_ids": [],
                "protocol": "tcp",
                "security_groups": [],
                "self": false,
                "to_port": 10248
              },
              {
                "cidr_blocks": [
                  "0.0.0.0/0"
                ],
                "description": "",
                "from_port": 10250,
                "ipv6_cidr_blocks": [],
                "prefix_list_ids": [],
                "protocol": "tcp",
                "security_groups": [],
                "self": false,
                "to_port": 10250
              },
              {
                "cidr_blocks": [
                  "0.0.0.0/0"
                ],
                "description": "",
                "from_port": 10251,
                "ipv6_cidr_blocks": [],
                "prefix_list_ids": [],
                "protocol": "tcp",
                "security_groups": [],
                "self": false,
                "to_port": 10251
              },
              {
                "cidr_blocks": [
                  "0.0.0.0/0"
                ],
                "description": "",
                "from_port": 10252,
                "ipv6_cidr_blocks": [],
                "prefix_list_ids": [],
                "protocol": "tcp",
                "security_groups": [],
                "self": false,
                "to_port": 10252
              },
              {
                "cidr_blocks": [
                  "0.0.0.0/0"
                ],
                "description": "",
                "from_port": 10255,
                "ipv6_cidr_blocks": [],
                "prefix_list_ids": [],
                "protocol": "tcp",
                "security_groups": [],
                "self": false,
                "to_port": 10255
              },
              {
                "cidr_blocks": [
                  "0.0.0.0/0"
                ],
                "description": "",
                "from_port": 1194,
                "ipv6_cidr_blocks": [],
                "prefix_list_ids": [],
                "protocol": "udp",
                "security_groups": [],
                "self": false,
                "to_port": 1194
              },
              {
                "cidr_blocks": [
                  "0.0.0.0/0"
                ],
                "description": "",
                "from_port": 22,
                "ipv6_cidr_blocks": [],
                "prefix_list_ids": [],
                "protocol": "tcp",
                "security_groups": [],
                "self": false,
                "to_port": 22
              },
              {
                "cidr_blocks": [
                  "0.0.0.0/0"
                ],
                "description": "",
                "from_port": 2379,
                "ipv6_cidr_blocks": [],
                "prefix_list_ids": [],
                "protocol": "tcp",
                "security_groups": [],
                "self": false,
                "to_port": 2379
              },
              {
                "cidr_blocks": [
                  "0.0.0.0/0"
                ],
                "description": "",
                "from_port": 2380,
                "ipv6_cidr_blocks": [],
                "prefix_list_ids": [],
                "protocol": "tcp",
                "security_groups": [],
                "self": false,
                "to_port": 2380
              },
              {
                "cidr_blocks": [
                  "0.0.0.0/0"
                ],
                "description": "",
                "from_port": 443,
                "ipv6_cidr_blocks": [],
                "prefix_list_ids": [],
                "protocol": "tcp",
                "security_groups": [],
                "self": false,
                "to_port": 443
              },
              {
                "cidr_blocks": [
                  "0.0.0.0/0"
                ],
                "description": "",
                "from_port": 53,
                "ipv6_cidr_blocks": [],
                "prefix_list_ids": [],
                "protocol": "udp",
                "security_groups": [],
                "self": false,
                "to_port": 53
              },
              {
                "cidr_blocks": [
                  "0.0.0.0/0"
                ],
                "description": "",
                "from_port": 6443,
                "ipv6_cidr_blocks": [],
                "prefix_list_ids": [],
                "protocol": "tcp",
                "security_groups": [],
                "self": false,
                "to_port": 6443
              },
              {
                "cidr_blocks": [
                  "0.0.0.0/0"
                ],
                "description": "",
                "from_port": 8090,
                "ipv6_cidr_blocks": [],
                "prefix_list_ids": [],
                "protocol": "tcp",
                "security_groups": [],
                "self": false,
                "to_port": 8090
              },
              {
                "cidr_blocks": [
                  "0.0.0.0/0"
                ],
                "description": "",
                "from_port": 8091,
                "ipv6_cidr_blocks": [],
                "prefix_list_ids": [],
                "protocol": "tcp",
                "security_groups": [],
                "self": false,
                "to_port": 8091
              },
              {
                "cidr_blocks": [
                  "0.0.0.0/0"
                ],
                "description": "",
                "from_port": 80,
                "ipv6_cidr_blocks": [],
                "prefix_list_ids": [],
                "protocol": "tcp",
                "security_groups": [],
                "self": false,
                "to_port": 80
              },
              {
                "cidr_blocks": [
                  "0.0.0.0/0"
                ],
                "description": "",
                "from_port": 8472,
                "ipv6_cidr_blocks": [],
                "prefix_list_ids": [],
                "protocol": "udp",
                "security_groups": [],
                "self": false,
                "to_port": 8472
              },
              {
                "cidr_blocks": [
                  "0.0.0.0/0"
                ],
                "description": "",
                "from_port": 9000,
                "ipv6_cidr_blocks": [],
                "prefix_list_ids": [],
                "protocol": "tcp",
                "security_groups": [],
                "self": false,
                "to_port": 9000
              },
              {
                "cidr_blocks": [
                  "127.0.0.1/32"
                ],
                "description": "",
                "from_port": 10248,
                "ipv6_cidr_blocks": [],
                "prefix_list_ids": [],
                "protocol": "tcp",
                "security_groups": [],
                "self": false,
                "to_port": 10248
              }
            ],
            "name": "master",
            "name_prefix": "",
            "owner_id": "544867538065",
            "revoke_rules_on_delete": false,
            "tags": null,
            "tags_all": {},
            "timeouts": null,
            "vpc_id": "vpc-02aff912f0d86527a"
          },
          "sensitive_attributes": [],
          "private": "eyJlMmJmYjczMC1lY2FhLTExZTYtOGY4OC0zNDM2M2JjN2M0YzAiOnsiY3JlYXRlIjo2MDAwMDAwMDAwMDAsImRlbGV0ZSI6OTAwMDAwMDAwMDAwfSwic2NoZW1hX3ZlcnNpb24iOiIxIn0="
        }
      ]
    },
    {
      "mode": "managed",
      "type": "aws_security_group",
      "name": "node1",
      "provider": "provider[\"registry.terraform.io/hashicorp/aws\"]",
      "instances": [
        {
          "schema_version": 1,
          "attributes": {
            "arn": "arn:aws:ec2:us-east-2:544867538065:security-group/sg-036b6e0c6e8afb3a3",
            "description": "Managed by Terraform",
            "egress": [
              {
                "cidr_blocks": [
                  "0.0.0.0/0"
                ],
                "description": "",
                "from_port": 0,
                "ipv6_cidr_blocks": [],
                "prefix_list_ids": [],
                "protocol": "-1",
                "security_groups": [],
                "self": false,
                "to_port": 0
              }
            ],
            "id": "sg-036b6e0c6e8afb3a3",
            "ingress": [
              {
                "cidr_blocks": [
                  "0.0.0.0/0"
                ],
                "description": "",
                "from_port": 10248,
                "ipv6_cidr_blocks": [],
                "prefix_list_ids": [],
                "protocol": "tcp",
                "security_groups": [],
                "self": false,
                "to_port": 10248
              },
              {
                "cidr_blocks": [
                  "0.0.0.0/0"
                ],
                "description": "",
                "from_port": 10250,
                "ipv6_cidr_blocks": [],
                "prefix_list_ids": [],
                "protocol": "tcp",
                "security_groups": [],
                "self": false,
                "to_port": 10250
              },
              {
                "cidr_blocks": [
                  "0.0.0.0/0"
                ],
                "description": "",
                "from_port": 10251,
                "ipv6_cidr_blocks": [],
                "prefix_list_ids": [],
                "protocol": "tcp",
                "security_groups": [],
                "self": false,
                "to_port": 10251
              },
              {
                "cidr_blocks": [
                  "0.0.0.0/0"
                ],
                "description": "",
                "from_port": 10252,
                "ipv6_cidr_blocks": [],
                "prefix_list_ids": [],
                "protocol": "tcp",
                "security_groups": [],
                "self": false,
                "to_port": 10252
              },
              {
                "cidr_blocks": [
                  "0.0.0.0/0"
                ],
                "description": "",
                "from_port": 10255,
                "ipv6_cidr_blocks": [],
                "prefix_list_ids": [],
                "protocol": "tcp",
                "security_groups": [],
                "self": false,
                "to_port": 10255
              },
              {
                "cidr_blocks": [
                  "0.0.0.0/0"
                ],
                "description": "",
                "from_port": 1194,
                "ipv6_cidr_blocks": [],
                "prefix_list_ids": [],
                "protocol": "udp",
                "security_groups": [],
                "self": false,
                "to_port": 1194
              },
              {
                "cidr_blocks": [
                  "0.0.0.0/0"
                ],
                "description": "",
                "from_port": 22,
                "ipv6_cidr_blocks": [],
                "prefix_list_ids": [],
                "protocol": "tcp",
                "security_groups": [],
                "self": false,
                "to_port": 22
              },
              {
                "cidr_blocks": [
                  "0.0.0.0/0"
                ],
                "description": "",
                "from_port": 2379,
                "ipv6_cidr_blocks": [],
                "prefix_list_ids": [],
                "protocol": "tcp",
                "security_groups": [],
                "self": false,
                "to_port": 2379
              },
              {
                "cidr_blocks": [
                  "0.0.0.0/0"
                ],
                "description": "",
                "from_port": 2380,
                "ipv6_cidr_blocks": [],
                "prefix_list_ids": [],
                "protocol": "tcp",
                "security_groups": [],
                "self": false,
                "to_port": 2380
              },
              {
                "cidr_blocks": [
                  "0.0.0.0/0"
                ],
                "description": "",
                "from_port": 443,
                "ipv6_cidr_blocks": [],
                "prefix_list_ids": [],
                "protocol": "tcp",
                "security_groups": [],
                "self": false,
                "to_port": 443
              },
              {
                "cidr_blocks": [
                  "0.0.0.0/0"
                ],
                "description": "",
                "from_port": 53,
                "ipv6_cidr_blocks": [],
                "prefix_list_ids": [],
                "protocol": "udp",
                "security_groups": [],
                "self": false,
                "to_port": 53
              },
              {
                "cidr_blocks": [
                  "0.0.0.0/0"
                ],
                "description": "",
                "from_port": 6443,
                "ipv6_cidr_blocks": [],
                "prefix_list_ids": [],
                "protocol": "tcp",
                "security_groups": [],
                "self": false,
                "to_port": 6443
              },
              {
                "cidr_blocks": [
                  "0.0.0.0/0"
                ],
                "description": "",
                "from_port": 8090,
                "ipv6_cidr_blocks": [],
                "prefix_list_ids": [],
                "protocol": "tcp",
                "security_groups": [],
                "self": false,
                "to_port": 8090
              },
              {
                "cidr_blocks": [
                  "0.0.0.0/0"
                ],
                "description": "",
                "from_port": 8091,
                "ipv6_cidr_blocks": [],
                "prefix_list_ids": [],
                "protocol": "tcp",
                "security_groups": [],
                "self": false,
                "to_port": 8091
              },
              {
                "cidr_blocks": [
                  "0.0.0.0/0"
                ],
                "description": "",
                "from_port": 80,
                "ipv6_cidr_blocks": [],
                "prefix_list_ids": [],
                "protocol": "tcp",
                "security_groups": [],
                "self": false,
                "to_port": 80
              },
              {
                "cidr_blocks": [
                  "0.0.0.0/0"
                ],
                "description": "",
                "from_port": 8472,
                "ipv6_cidr_blocks": [],
                "prefix_list_ids": [],
                "protocol": "udp",
                "security_groups": [],
                "self": false,
                "to_port": 8472
              },
              {
                "cidr_blocks": [
                  "0.0.0.0/0"
                ],
                "description": "",
                "from_port": 9000,
                "ipv6_cidr_blocks": [],
                "prefix_list_ids": [],
                "protocol": "tcp",
                "security_groups": [],
                "self": false,
                "to_port": 9000
              }
            ],
            "name": "node1",
            "name_prefix": "",
            "owner_id": "544867538065",
            "revoke_rules_on_delete": false,
            "tags": null,
            "tags_all": {},
            "timeouts": null,
            "vpc_id": "vpc-02aff912f0d86527a"
          },
          "sensitive_attributes": [],
          "private": "eyJlMmJmYjczMC1lY2FhLTExZTYtOGY4OC0zNDM2M2JjN2M0YzAiOnsiY3JlYXRlIjo2MDAwMDAwMDAwMDAsImRlbGV0ZSI6OTAwMDAwMDAwMDAwfSwic2NoZW1hX3ZlcnNpb24iOiIxIn0="
        }
      ]
    },
    {
      "mode": "managed",
      "type": "aws_security_group",
      "name": "node2",
      "provider": "provider[\"registry.terraform.io/hashicorp/aws\"]",
      "instances": [
        {
          "schema_version": 1,
          "attributes": {
            "arn": "arn:aws:ec2:us-east-2:544867538065:security-group/sg-08bfaadf33f7b8e2a",
            "description": "Managed by Terraform",
            "egress": [
              {
                "cidr_blocks": [
                  "0.0.0.0/0"
                ],
                "description": "",
                "from_port": 0,
                "ipv6_cidr_blocks": [],
                "prefix_list_ids": [],
                "protocol": "-1",
                "security_groups": [],
                "self": false,
                "to_port": 0
              }
            ],
            "id": "sg-08bfaadf33f7b8e2a",
            "ingress": [
              {
                "cidr_blocks": [
                  "0.0.0.0/0"
                ],
                "description": "",
                "from_port": 10248,
                "ipv6_cidr_blocks": [],
                "prefix_list_ids": [],
                "protocol": "tcp",
                "security_groups": [],
                "self": false,
                "to_port": 10248
              },
              {
                "cidr_blocks": [
                  "0.0.0.0/0"
                ],
                "description": "",
                "from_port": 10250,
                "ipv6_cidr_blocks": [],
                "prefix_list_ids": [],
                "protocol": "tcp",
                "security_groups": [],
                "self": false,
                "to_port": 10250
              },
              {
                "cidr_blocks": [
                  "0.0.0.0/0"
                ],
                "description": "",
                "from_port": 10251,
                "ipv6_cidr_blocks": [],
                "prefix_list_ids": [],
                "protocol": "tcp",
                "security_groups": [],
                "self": false,
                "to_port": 10251
              },
              {
                "cidr_blocks": [
                  "0.0.0.0/0"
                ],
                "description": "",
                "from_port": 10252,
                "ipv6_cidr_blocks": [],
                "prefix_list_ids": [],
                "protocol": "tcp",
                "security_groups": [],
                "self": false,
                "to_port": 10252
              },
              {
                "cidr_blocks": [
                  "0.0.0.0/0"
                ],
                "description": "",
                "from_port": 10255,
                "ipv6_cidr_blocks": [],
                "prefix_list_ids": [],
                "protocol": "tcp",
                "security_groups": [],
                "self": false,
                "to_port": 10255
              },
              {
                "cidr_blocks": [
                  "0.0.0.0/0"
                ],
                "description": "",
                "from_port": 1194,
                "ipv6_cidr_blocks": [],
                "prefix_list_ids": [],
                "protocol": "udp",
                "security_groups": [],
                "self": false,
                "to_port": 1194
              },
              {
                "cidr_blocks": [
                  "0.0.0.0/0"
                ],
                "description": "",
                "from_port": 22,
                "ipv6_cidr_blocks": [],
                "prefix_list_ids": [],
                "protocol": "tcp",
                "security_groups": [],
                "self": false,
                "to_port": 22
              },
              {
                "cidr_blocks": [
                  "0.0.0.0/0"
                ],
                "description": "",
                "from_port": 2379,
                "ipv6_cidr_blocks": [],
                "prefix_list_ids": [],
                "protocol": "tcp",
                "security_groups": [],
                "self": false,
                "to_port": 2379
              },
              {
                "cidr_blocks": [
                  "0.0.0.0/0"
                ],
                "description": "",
                "from_port": 2380,
                "ipv6_cidr_blocks": [],
                "prefix_list_ids": [],
                "protocol": "tcp",
                "security_groups": [],
                "self": false,
                "to_port": 2380
              },
              {
                "cidr_blocks": [
                  "0.0.0.0/0"
                ],
                "description": "",
                "from_port": 443,
                "ipv6_cidr_blocks": [],
                "prefix_list_ids": [],
                "protocol": "tcp",
                "security_groups": [],
                "self": false,
                "to_port": 443
              },
              {
                "cidr_blocks": [
                  "0.0.0.0/0"
                ],
                "description": "",
                "from_port": 53,
                "ipv6_cidr_blocks": [],
                "prefix_list_ids": [],
                "protocol": "udp",
                "security_groups": [],
                "self": false,
                "to_port": 53
              },
              {
                "cidr_blocks": [
                  "0.0.0.0/0"
                ],
                "description": "",
                "from_port": 6443,
                "ipv6_cidr_blocks": [],
                "prefix_list_ids": [],
                "protocol": "tcp",
                "security_groups": [],
                "self": false,
                "to_port": 6443
              },
              {
                "cidr_blocks": [
                  "0.0.0.0/0"
                ],
                "description": "",
                "from_port": 8090,
                "ipv6_cidr_blocks": [],
                "prefix_list_ids": [],
                "protocol": "tcp",
                "security_groups": [],
                "self": false,
                "to_port": 8090
              },
              {
                "cidr_blocks": [
                  "0.0.0.0/0"
                ],
                "description": "",
                "from_port": 8091,
                "ipv6_cidr_blocks": [],
                "prefix_list_ids": [],
                "protocol": "tcp",
                "security_groups": [],
                "self": false,
                "to_port": 8091
              },
              {
                "cidr_blocks": [
                  "0.0.0.0/0"
                ],
                "description": "",
                "from_port": 80,
                "ipv6_cidr_blocks": [],
                "prefix_list_ids": [],
                "protocol": "tcp",
                "security_groups": [],
                "self": false,
                "to_port": 80
              },
              {
                "cidr_blocks": [
                  "0.0.0.0/0"
                ],
                "description": "",
                "from_port": 8472,
                "ipv6_cidr_blocks": [],
                "prefix_list_ids": [],
                "protocol": "udp",
                "security_groups": [],
                "self": false,
                "to_port": 8472
              },
              {
                "cidr_blocks": [
                  "0.0.0.0/0"
                ],
                "description": "",
                "from_port": 9000,
                "ipv6_cidr_blocks": [],
                "prefix_list_ids": [],
                "protocol": "tcp",
                "security_groups": [],
                "self": false,
                "to_port": 9000
              }
            ],
            "name": "node2",
            "name_prefix": "",
            "owner_id": "544867538065",
            "revoke_rules_on_delete": false,
            "tags": null,
            "tags_all": {},
            "timeouts": null,
            "vpc_id": "vpc-02aff912f0d86527a"
          },
          "sensitive_attributes": [],
          "private": "eyJlMmJmYjczMC1lY2FhLTExZTYtOGY4OC0zNDM2M2JjN2M0YzAiOnsiY3JlYXRlIjo2MDAwMDAwMDAwMDAsImRlbGV0ZSI6OTAwMDAwMDAwMDAwfSwic2NoZW1hX3ZlcnNpb24iOiIxIn0="
        }
      ]
    },
    {
      "mode": "managed",
      "type": "local_file",
      "name": "ssh_key",
      "provider": "provider[\"registry.terraform.io/hashicorp/local\"]",
      "instances": [
        {
          "schema_version": 0,
          "attributes": {
            "content": "-----BEGIN RSA PRIVATE KEY-----\nMIIJKgIBAAKCAgEAtM9nQeSIRqVmiP/9qI9y/quAGUp3Jk9I1xblFHKt6aORLtfW\n7umFdR12s2v7PlXRGPFgel6XBefvNf/a5QtJDZnO2hvorMcAWxTpg8JNkQuVz1KZ\nNKa4dWu6gIOi1mXQ9tbujWu5gnyOdueQMVi7YAy8W5KqpPW9ETBNZZejtrl+MOyO\nLz78JLVyI3hj9ig1Bhhk9OPL+2bCZSzgmIMv/e3SVS9FrILIViwsbweWMKVXMvYM\nE9U1DzRUjiEBpaVJBz+COSUtyWh/jtg5nnxgj4gmD7aJPmgbH3kRXmMTbizhMyDt\nUVClw2F5yQgB5Eh2w2s8IrzFXrgbdbE8JFJIV33Mi6cUFv6eqCHBOPK0g/EG+Rk5\nim/sJmf+KhY8xmtx7XFfOe9T1+UKTuZG+/Xpj71HdYGbkTyQG09U/tw4dlF0t3ft\n24BDNq3I70u/HHjU4tZF0+anmDNvTzJiR0WiuvUOVEU+LGQHymQ3ZF+FzG8bdikm\n8c8DRkmRD9IUB+uA04AnFBBZhhDlegL7h7jelzqybCKrKWgjuqCSek+qHBNc5aHn\najPt9E6SEIA51qxuX5gx/Gty6aW3xprjgobRkRTJNfh9nACxhRQhH/zsbSmWBVL6\nephEGmqHCNgHMjbsrgDGSA6iUSVMK6KUm6LZwiIY8vSA8V24dPwy9Mg8nlMCAwEA\nAQKCAgAaXp06mO/fDcRUerEt4i3tQmneRmP2LF39MJOcVdVTW82SvVvVYC1clT14\nkWkFAFMMhjeB4UW5UMgsYfI0sV6oIyRt3uAiQquknPopgy741m203OEHMsF4Lov2\nrjwTdKnzNgl4ipt1kmDcqoz3BW/eZD0cRdmpUUWPujGvfVwdDBSBYh6ieVcgq23I\nCojZn6eMCga/SHG5apUzWEYxOADJ0eN5FPneXPyGxM5+KucWlSaQgh3kzpV8cC9c\nwyeQVvi9m9+MIgX5d8oStSpCGPWkOUEDzaVaeqhqAKgt0dlFmjoF0OmLkG18fzzZ\nutc7ye24Nm2Ay3Mli0hF8+FHktCF40pdX5szcf0aqHadOF2BjNhu6nrFZ2dQR2PK\nzqgwdz+pzWe6g4BAMJxZAmwzm765w5q/s3JhHSWgj0EooDk6G5jaKIcnlXvuLmRK\n1yMfwlKjT6bLFHqGD/mTWwmvH2ZDVyA5BPpFBzrj2Pa5Jbx/RTkrn2+L79WLCh6F\nkTroSlTUdfgxYRPkKHL/61ArX8CJa0SdbxJxGK/5ViMGCCqIAKUSxXjXnrfolR8s\ngPlBhnPrtHHWOckEyEdtbAe6LgG9Po/38S6AIze8mCWZdDBW3WgNr4MPiejnOq6a\nkxX3Dr0m2a2ubYN/JURjZ/gacGd9jLjuvy7ykjYPguTU6AyrIQKCAQEA2eIx7e0n\n/lP9pg+EbXwfH8j2XzS/S8nftYO71rsWwzqWqz0ASxquvnICkzxBso/P8RResMOe\np8i9Q3qAlOb2s8NbKjgkch0R6XOSlnIUn1pI7k088eCbvmvMTPU9xdmLQ+YP9KAR\nk1tZPbSgbTPuosyJT7Gy+K0+YORdvJGnNRj1GawgjF4XZMa3Dl6KJirPrRIigzvn\nBVBzwzHUwQW5gRnHkCjZv8IbsFMN7ujaT+gyaOIG0yxeWkeqrURLrW4RIANLWwgM\ncSmQGuTxhhNMMMtmdMfjyZhIYCbL2ikoKulufrZlz+eLllkTQjtre3a4YF6mXI1t\n7oxQxMrlqPFOqwKCAQEA1HDlDbhXetb++JR3NnTSCE9tMduoGms+bc10jplwrTHL\nGCiMXuLfGN3/+EQLT/vN+/fcotOlq6+XVxHwZPH6emtoX3WJuEsB1QisfFwBb6wN\n0aFqWpEHbNPan6cnXGTjRG00X4dI5ZEzZAt3may+ajbMDL6Yr9W2frq9ICgTU91g\nA0FiJwIYXZzL5JgY8sBj3nV33C8G8wA4LypuguVN+Eeh/e9IGHncBNW0utZ2jp/w\nNwnSQBHfM1OsM1YWtzbzmchd+BV6hB/hQ4c9k3V29G2LU8/xXUGsIC61Qmtmihr9\nVGh7XPGbfL/CZAEO7aSNeVhI1zkNBMUjYyl/Uq1O+QKCAQEAkiita7jKOk6neY0x\nPaykyFKsCuO8a5/JRN9Q01P/igk0ZzxthPQqQrECTzh9rcXRLRyIBLXFKTJ829ZC\niSCCX8Zt0l2E/VPI3zzbGbb/ZIJRKCKB/pO4hj2T+BAPVzh+tpaPH399Ksd9juor\nL/ZFX8orVl2S/ERi8uZehw+CBhlu2cDguKipsr2msKn0rHPNioD+y+AUMjls3oT/\n/lfTv+nGOEte/sa8gkTEtP5Y7H+LyVXOVDyQMqmescp9paKPNFVhaHh2uDa0Z4Yr\nCtDJLHZVjYNFp8dSzcVYvEkdm+OpbrD2jUf7GGk6hRSNHm5ecq8rlCx/kSVpTQn6\nk6EELwKCAQEAjngTtKrOyAvNPInclQGtJXOWyFwGFYmceWjS5RsUDKKbEF2JHc1K\nTtP66NVBPOei0Xr9VZlYvpXoibT3IcuB7n1/pp0duiFbXjIN8uyE7g5VyiNVPt2K\nPDqroGwqInVqUKZn/DSu9330GAD0uXO202ZiW52qqilJ1R2I3jriE1kgHa7Ik159\nVrJjrq8t9AaAM11V/6zuHSMlisQLDu+W5Y2snq7NC9UVb4yeQrq3EZlDMLX+cYdK\nx5Iyps7yNva8UYKlOk21N0xl9rKI4g5hszSPvqpytNbpB0ArwRpjzvSgte3H5aIG\nY5f6VrS6/TZgxmMlnmidSXin7cWTpK+jiQKCAQEAusx96D/RVFcxD2Dr1ZAC/FYs\nuafkLKxWSK/nzcMWbBEp9TStKous2Ny2pkAVrNUgCV4fef/G1lK4/XhlKTxsY2hj\nCpYuJ1m1UEgrxljrNOHKcm+TSwUVqnD3kb34Jm93vZ/Zt0fgL2hYxk2siH+GnbmL\nRfmv4NifD/IdGlFUuWflHZ7dAnv5PbcSYZA+RB1Gu2rUH+/EDw1Iznn6Uorb8LGT\nX7FqRhjfaZSQFipKs0L2FND22++2jYvOQ+4lk/sJrlisZlvBjT3qBT7W0IFSTbye\nG9mZay1y2ikElZRmBSEA36qjDFeqjPsJn5RyKa+m5xpM6KKWtilM+4sWIZTwSw==\n-----END RSA PRIVATE KEY-----\n",
            "content_base64": null,
            "directory_permission": "0777",
            "file_permission": "0777",
            "filename": "ssh-key.pem",
            "id": "f27a9d8fb6612d42760ce13a56d60390005bbb74",
            "sensitive_content": null,
            "source": null
          },
          "sensitive_attributes": [
            [
              {
                "type": "get_attr",
                "value": "content"
              }
            ]
          ],
          "private": "bnVsbA==",
          "dependencies": [
            "aws_key_pair.kp",
            "tls_private_key.pk"
          ]
        }
      ]
    },
    {
      "mode": "managed",
      "type": "null_resource",
      "name": "testansibleinstance",
      "provider": "provider[\"registry.terraform.io/hashicorp/null\"]",
      "instances": [
        {
          "schema_version": 0,
          "attributes": {
            "id": "4722556222221415287",
            "triggers": null
          },
          "sensitive_attributes": [],
          "private": "bnVsbA==",
          "dependencies": [
            "aws_eip.elasticip_master",
            "aws_instance.master",
            "aws_security_group.master"
          ]
        }
      ]
    },
    {
      "mode": "managed",
      "type": "null_resource",
      "name": "testinstance",
      "provider": "provider[\"registry.terraform.io/hashicorp/null\"]",
      "instances": [
        {
          "schema_version": 0,
          "attributes": {
            "id": "4375474213410160760",
            "triggers": null
          },
          "sensitive_attributes": [],
          "private": "bnVsbA==",
          "dependencies": [
            "aws_eip.elasticip_ansible",
            "aws_eip.elasticip_master",
            "aws_eip.elasticip_node1",
            "aws_eip.elasticip_node2",
            "aws_instance.ansible",
            "aws_instance.master",
            "aws_instance.node1",
            "aws_instance.node2",
            "aws_security_group.ansible",
            "aws_security_group.master",
            "aws_security_group.node1",
            "aws_security_group.node2"
          ]
        }
      ]
    },
    {
      "mode": "managed",
      "type": "null_resource",
      "name": "testnode1instance",
      "provider": "provider[\"registry.terraform.io/hashicorp/null\"]",
      "instances": [
        {
          "schema_version": 0,
          "attributes": {
            "id": "878555437745856100",
            "triggers": null
          },
          "sensitive_attributes": [],
          "private": "bnVsbA==",
          "dependencies": [
            "aws_eip.elasticip_node1",
            "aws_instance.node1",
            "aws_security_group.node1"
          ]
        }
      ]
    },
    {
      "mode": "managed",
      "type": "null_resource",
      "name": "testnode2instance",
      "provider": "provider[\"registry.terraform.io/hashicorp/null\"]",
      "instances": [
        {
          "schema_version": 0,
          "attributes": {
            "id": "9177840314767765970",
            "triggers": null
          },
          "sensitive_attributes": [],
          "private": "bnVsbA==",
          "dependencies": [
            "aws_eip.elasticip_node2",
            "aws_instance.node2",
            "aws_security_group.node2"
          ]
        }
      ]
    },
    {
      "mode": "managed",
      "type": "tls_private_key",
      "name": "pk",
      "provider": "provider[\"registry.terraform.io/hashicorp/tls\"]",
      "instances": [
        {
          "schema_version": 0,
          "attributes": {
            "algorithm": "RSA",
            "ecdsa_curve": "P224",
            "id": "db74da5f4e0f6b4b02fc676e569adb28eba6410d",
            "private_key_pem": "-----BEGIN RSA PRIVATE KEY-----\nMIIJKgIBAAKCAgEAtM9nQeSIRqVmiP/9qI9y/quAGUp3Jk9I1xblFHKt6aORLtfW\n7umFdR12s2v7PlXRGPFgel6XBefvNf/a5QtJDZnO2hvorMcAWxTpg8JNkQuVz1KZ\nNKa4dWu6gIOi1mXQ9tbujWu5gnyOdueQMVi7YAy8W5KqpPW9ETBNZZejtrl+MOyO\nLz78JLVyI3hj9ig1Bhhk9OPL+2bCZSzgmIMv/e3SVS9FrILIViwsbweWMKVXMvYM\nE9U1DzRUjiEBpaVJBz+COSUtyWh/jtg5nnxgj4gmD7aJPmgbH3kRXmMTbizhMyDt\nUVClw2F5yQgB5Eh2w2s8IrzFXrgbdbE8JFJIV33Mi6cUFv6eqCHBOPK0g/EG+Rk5\nim/sJmf+KhY8xmtx7XFfOe9T1+UKTuZG+/Xpj71HdYGbkTyQG09U/tw4dlF0t3ft\n24BDNq3I70u/HHjU4tZF0+anmDNvTzJiR0WiuvUOVEU+LGQHymQ3ZF+FzG8bdikm\n8c8DRkmRD9IUB+uA04AnFBBZhhDlegL7h7jelzqybCKrKWgjuqCSek+qHBNc5aHn\najPt9E6SEIA51qxuX5gx/Gty6aW3xprjgobRkRTJNfh9nACxhRQhH/zsbSmWBVL6\nephEGmqHCNgHMjbsrgDGSA6iUSVMK6KUm6LZwiIY8vSA8V24dPwy9Mg8nlMCAwEA\nAQKCAgAaXp06mO/fDcRUerEt4i3tQmneRmP2LF39MJOcVdVTW82SvVvVYC1clT14\nkWkFAFMMhjeB4UW5UMgsYfI0sV6oIyRt3uAiQquknPopgy741m203OEHMsF4Lov2\nrjwTdKnzNgl4ipt1kmDcqoz3BW/eZD0cRdmpUUWPujGvfVwdDBSBYh6ieVcgq23I\nCojZn6eMCga/SHG5apUzWEYxOADJ0eN5FPneXPyGxM5+KucWlSaQgh3kzpV8cC9c\nwyeQVvi9m9+MIgX5d8oStSpCGPWkOUEDzaVaeqhqAKgt0dlFmjoF0OmLkG18fzzZ\nutc7ye24Nm2Ay3Mli0hF8+FHktCF40pdX5szcf0aqHadOF2BjNhu6nrFZ2dQR2PK\nzqgwdz+pzWe6g4BAMJxZAmwzm765w5q/s3JhHSWgj0EooDk6G5jaKIcnlXvuLmRK\n1yMfwlKjT6bLFHqGD/mTWwmvH2ZDVyA5BPpFBzrj2Pa5Jbx/RTkrn2+L79WLCh6F\nkTroSlTUdfgxYRPkKHL/61ArX8CJa0SdbxJxGK/5ViMGCCqIAKUSxXjXnrfolR8s\ngPlBhnPrtHHWOckEyEdtbAe6LgG9Po/38S6AIze8mCWZdDBW3WgNr4MPiejnOq6a\nkxX3Dr0m2a2ubYN/JURjZ/gacGd9jLjuvy7ykjYPguTU6AyrIQKCAQEA2eIx7e0n\n/lP9pg+EbXwfH8j2XzS/S8nftYO71rsWwzqWqz0ASxquvnICkzxBso/P8RResMOe\np8i9Q3qAlOb2s8NbKjgkch0R6XOSlnIUn1pI7k088eCbvmvMTPU9xdmLQ+YP9KAR\nk1tZPbSgbTPuosyJT7Gy+K0+YORdvJGnNRj1GawgjF4XZMa3Dl6KJirPrRIigzvn\nBVBzwzHUwQW5gRnHkCjZv8IbsFMN7ujaT+gyaOIG0yxeWkeqrURLrW4RIANLWwgM\ncSmQGuTxhhNMMMtmdMfjyZhIYCbL2ikoKulufrZlz+eLllkTQjtre3a4YF6mXI1t\n7oxQxMrlqPFOqwKCAQEA1HDlDbhXetb++JR3NnTSCE9tMduoGms+bc10jplwrTHL\nGCiMXuLfGN3/+EQLT/vN+/fcotOlq6+XVxHwZPH6emtoX3WJuEsB1QisfFwBb6wN\n0aFqWpEHbNPan6cnXGTjRG00X4dI5ZEzZAt3may+ajbMDL6Yr9W2frq9ICgTU91g\nA0FiJwIYXZzL5JgY8sBj3nV33C8G8wA4LypuguVN+Eeh/e9IGHncBNW0utZ2jp/w\nNwnSQBHfM1OsM1YWtzbzmchd+BV6hB/hQ4c9k3V29G2LU8/xXUGsIC61Qmtmihr9\nVGh7XPGbfL/CZAEO7aSNeVhI1zkNBMUjYyl/Uq1O+QKCAQEAkiita7jKOk6neY0x\nPaykyFKsCuO8a5/JRN9Q01P/igk0ZzxthPQqQrECTzh9rcXRLRyIBLXFKTJ829ZC\niSCCX8Zt0l2E/VPI3zzbGbb/ZIJRKCKB/pO4hj2T+BAPVzh+tpaPH399Ksd9juor\nL/ZFX8orVl2S/ERi8uZehw+CBhlu2cDguKipsr2msKn0rHPNioD+y+AUMjls3oT/\n/lfTv+nGOEte/sa8gkTEtP5Y7H+LyVXOVDyQMqmescp9paKPNFVhaHh2uDa0Z4Yr\nCtDJLHZVjYNFp8dSzcVYvEkdm+OpbrD2jUf7GGk6hRSNHm5ecq8rlCx/kSVpTQn6\nk6EELwKCAQEAjngTtKrOyAvNPInclQGtJXOWyFwGFYmceWjS5RsUDKKbEF2JHc1K\nTtP66NVBPOei0Xr9VZlYvpXoibT3IcuB7n1/pp0duiFbXjIN8uyE7g5VyiNVPt2K\nPDqroGwqInVqUKZn/DSu9330GAD0uXO202ZiW52qqilJ1R2I3jriE1kgHa7Ik159\nVrJjrq8t9AaAM11V/6zuHSMlisQLDu+W5Y2snq7NC9UVb4yeQrq3EZlDMLX+cYdK\nx5Iyps7yNva8UYKlOk21N0xl9rKI4g5hszSPvqpytNbpB0ArwRpjzvSgte3H5aIG\nY5f6VrS6/TZgxmMlnmidSXin7cWTpK+jiQKCAQEAusx96D/RVFcxD2Dr1ZAC/FYs\nuafkLKxWSK/nzcMWbBEp9TStKous2Ny2pkAVrNUgCV4fef/G1lK4/XhlKTxsY2hj\nCpYuJ1m1UEgrxljrNOHKcm+TSwUVqnD3kb34Jm93vZ/Zt0fgL2hYxk2siH+GnbmL\nRfmv4NifD/IdGlFUuWflHZ7dAnv5PbcSYZA+RB1Gu2rUH+/EDw1Iznn6Uorb8LGT\nX7FqRhjfaZSQFipKs0L2FND22++2jYvOQ+4lk/sJrlisZlvBjT3qBT7W0IFSTbye\nG9mZay1y2ikElZRmBSEA36qjDFeqjPsJn5RyKa+m5xpM6KKWtilM+4sWIZTwSw==\n-----END RSA PRIVATE KEY-----\n",
            "public_key_fingerprint_md5": "12:f3:1c:6c:f7:56:71:0a:41:83:1c:a6:e2:ea:0c:76",
            "public_key_openssh": "ssh-rsa AAAAB3NzaC1yc2EAAAADAQABAAACAQC0z2dB5IhGpWaI//2oj3L+q4AZSncmT0jXFuUUcq3po5Eu19bu6YV1HXaza/s+VdEY8WB6XpcF5+81/9rlC0kNmc7aG+isxwBbFOmDwk2RC5XPUpk0prh1a7qAg6LWZdD21u6Na7mCfI5255AxWLtgDLxbkqqk9b0RME1ll6O2uX4w7I4vPvwktXIjeGP2KDUGGGT048v7ZsJlLOCYgy/97dJVL0WsgshWLCxvB5YwpVcy9gwT1TUPNFSOIQGlpUkHP4I5JS3JaH+O2DmefGCPiCYPtok+aBsfeRFeYxNuLOEzIO1RUKXDYXnJCAHkSHbDazwivMVeuBt1sTwkUkhXfcyLpxQW/p6oIcE48rSD8Qb5GTmKb+wmZ/4qFjzGa3HtcV8571PX5QpO5kb79emPvUd1gZuRPJAbT1T+3Dh2UXS3d+3bgEM2rcjvS78ceNTi1kXT5qeYM29PMmJHRaK69Q5URT4sZAfKZDdkX4XMbxt2KSbxzwNGSZEP0hQH64DTgCcUEFmGEOV6AvuHuN6XOrJsIqspaCO6oJJ6T6ocE1zloedqM+30TpIQgDnWrG5fmDH8a3LppbfGmuOChtGRFMk1+H2cALGFFCEf/OxtKZYFUvp6mEQaaocI2AcyNuyuAMZIDqJRJUwropSbotnCIhjy9IDxXbh0/DL0yDyeUw==\n",
            "public_key_pem": "-----BEGIN PUBLIC KEY-----\nMIICIjANBgkqhkiG9w0BAQEFAAOCAg8AMIICCgKCAgEAtM9nQeSIRqVmiP/9qI9y\n/quAGUp3Jk9I1xblFHKt6aORLtfW7umFdR12s2v7PlXRGPFgel6XBefvNf/a5QtJ\nDZnO2hvorMcAWxTpg8JNkQuVz1KZNKa4dWu6gIOi1mXQ9tbujWu5gnyOdueQMVi7\nYAy8W5KqpPW9ETBNZZejtrl+MOyOLz78JLVyI3hj9ig1Bhhk9OPL+2bCZSzgmIMv\n/e3SVS9FrILIViwsbweWMKVXMvYME9U1DzRUjiEBpaVJBz+COSUtyWh/jtg5nnxg\nj4gmD7aJPmgbH3kRXmMTbizhMyDtUVClw2F5yQgB5Eh2w2s8IrzFXrgbdbE8JFJI\nV33Mi6cUFv6eqCHBOPK0g/EG+Rk5im/sJmf+KhY8xmtx7XFfOe9T1+UKTuZG+/Xp\nj71HdYGbkTyQG09U/tw4dlF0t3ft24BDNq3I70u/HHjU4tZF0+anmDNvTzJiR0Wi\nuvUOVEU+LGQHymQ3ZF+FzG8bdikm8c8DRkmRD9IUB+uA04AnFBBZhhDlegL7h7je\nlzqybCKrKWgjuqCSek+qHBNc5aHnajPt9E6SEIA51qxuX5gx/Gty6aW3xprjgobR\nkRTJNfh9nACxhRQhH/zsbSmWBVL6ephEGmqHCNgHMjbsrgDGSA6iUSVMK6KUm6LZ\nwiIY8vSA8V24dPwy9Mg8nlMCAwEAAQ==\n-----END PUBLIC KEY-----\n",
            "rsa_bits": 4096
          },
          "sensitive_attributes": [],
          "private": "bnVsbA=="
        }
      ]
    }
  ]
}
